
Microsoft Visual Studio Solution File, Format Version 12.00
# Visual Studio Version 16
VisualStudioVersion = 16.0.32413.511
MinimumVisualStudioVersion = 10.0.40219.1
Project("{FAE04EC0-301F-11D3-BF4B-00C04F79EFBC}") = "Auther", "Auther\Auther.csproj", "{168C3CBD-9968-4C3E-981D-08FC80FEA895}"
EndProject
Global
	GlobalSection(SolutionConfigurationPlatforms) = preSolution
		Debug|Any CPU = Debug|Any CPU
		Release|Any CPU = Release|Any CPU
	EndGlobalSection
	GlobalSection(ProjectConfigurationPlatforms) = postSolution
		{168C3CBD-9968-4C3E-981D-08FC80FEA895}.Debug|Any CPU.ActiveCfg = Debug|Any CPU
		{168C3CBD-9968-4C3E-981D-08FC80FEA895}.Debug|Any CPU.Build.0 = Debug|Any CPU
		{168C3CBD-9968-4C3E-981D-08FC80FEA895}.Release|Any CPU.ActiveCfg = Release|Any CPU
		{168C3CBD-9968-4C3E-981D-08FC80FEA895}.Release|Any CPU.Build.0 = Release|Any CPU
	EndGlobalSection
	GlobalSection(SolutionProperties) = preSolution
		HideSolutionNode = FALSE
	EndGlobalSection
	GlobalSection(ExtensibilityGlobals) = postSolution
		SolutionGuid = {9836EB2E-88EC-495E-95DB-CAD85E6CD4D0}
	EndGlobalSection
EndGlobal
